
Microsoft Visual Studio Solution File, Format Version 12.00
# Visual Studio Version 17
VisualStudioVersion = 17.3.32929.385
MinimumVisualStudioVersion = 10.0.40219.1
Project("{9A19103F-16F7-4668-BE54-9A1E7A4F7556}") = "OffsetOverlap", "OffsetOverlap\OffsetOverlap.csproj", "{9616D580-BCDE-4FA0-9659-56CE60FC5590}"
EndProject
Global
	GlobalSection(SolutionConfigurationPlatforms) = preSolution
		Debug|Any CPU = Debug|Any CPU
		Release|Any CPU = Release|Any CPU
	EndGlobalSection
	GlobalSection(ProjectConfigurationPlatforms) = postSolution
		{9616D580-BCDE-4FA0-9659-56CE60FC5590}.Debug|Any CPU.ActiveCfg = Debug|Any CPU
		{9616D580-BCDE-4FA0-9659-56CE60FC5590}.Debug|Any CPU.Build.0 = Debug|Any CPU
		{9616D580-BCDE-4FA0-9659-56CE60FC5590}.Release|Any CPU.ActiveCfg = Release|Any CPU
		{9616D580-BCDE-4FA0-9659-56CE60FC5590}.Release|Any CPU.Build.0 = Release|Any CPU
	EndGlobalSection
	GlobalSection(SolutionProperties) = preSolution
		HideSolutionNode = FALSE
	EndGlobalSection
	GlobalSection(ExtensibilityGlobals) = postSolution
		SolutionGuid = {52604CBF-0664-4728-A73B-FBCCA30F758C}
	EndGlobalSection
EndGlobal
